# This file is automatically @generated by Cargo.
# It is not intended for manual editing.
version = 4

[[package]]
name = "duet"
version = "0.1.0"
dependencies = [
 "duet-types",
]

[[package]]
name = "duet-commands"
version = "0.1.0"

[[package]]
name = "duet-config"
version = "0.1.0"

[[package]]
name = "duet-index"
version = "0.1.0"

[[package]]
name = "duet-meta"
version = "0.1.0"

[[package]]
name = "duet-ops"
version = "0.1.0"

[[package]]
name = "duet-platform"
version = "0.1.0"

[[package]]
name = "duet-plugin"
version = "0.1.0"

[[package]]
name = "duet-plugin-sdk"
version = "0.1.0"

[[package]]
name = "duet-privileged"
version = "0.1.0"

[[package]]
name = "duet-search"
version = "0.1.0"

[[package]]
name = "duet-types"
version = "0.1.0"

[[package]]
name = "duet-ui"
version = "0.1.0"

[[package]]
name = "duet-vfs"
version = "0.1.0"

[[package]]
name = "duet-widgets"
version = "0.1.0"
